// !$*UTF8*$!
{
	archiveVersion = 1;
	classes = {
	};
	objectVersion = 46;
	objects = {

/* Begin PBXBuildFile section */
		B24CCAF21C338E44006A31D7 /* AppDelegate.swift in Sources */ = {isa = PBXBuildFile; fileRef = B24CCAEA1C338E44006A31D7 /* AppDelegate.swift */; };
		B24CCAF31C338E44006A31D7 /* Assets.xcassets in Resources */ = {isa = PBXBuildFile; fileRef = B24CCAEB1C338E44006A31D7 /* Assets.xcassets */; };
		B24CCAF51C338E44006A31D7 /* Video.mp4 in Resources */ = {isa = PBXBuildFile; fileRef = B24CCAEE1C338E44006A31D7 /* Video.mp4 */; };
		B24CCAF61C338E44006A31D7 /* VideoThumbView.swift in Sources */ = {isa = PBXBuildFile; fileRef = B24CCAF01C338E44006A31D7 /* VideoThumbView.swift */; };
		B24CCAF71C338E44006A31D7 /* ViewController.swift in Sources */ = {isa = PBXBuildFile; fileRef = B24CCAF11C338E44006A31D7 /* ViewController.swift */; };
		C3D4ECEF1BBB5020008CBCAE /* Default-568h@2x.png in Resources */ = {isa = PBXBuildFile; fileRef = C3D4ECEE1BBB5020008CBCAE /* Default-568h@2x.png */; };
/* End PBXBuildFile section */

/* Begin PBXFileReference section */
		B24CCAEA1C338E44006A31D7 /* AppDelegate.swift */ = {isa = PBXFileReference; fileEncoding = 4; lastKnownFileType = sourcecode.swift; path = AppDelegate.swift; sourceTree = "<group>"; };
		B24CCAEB1C338E44006A31D7 /* Assets.xcassets */ = {isa = PBXFileReference; lastKnownFileType = folder.assetcatalog; path = Assets.xcassets; sourceTree = "<group>"; };
		B24CCAEC1C338E44006A31D7 /* Info.plist */ = {isa = PBXFileReference; fileEncoding = 4; lastKnownFileType = text.plist.xml; path = Info.plist; sourceTree = "<group>"; };
		B24CCAEE1C338E44006A31D7 /* Video.mp4 */ = {isa = PBXFileReference; lastKnownFileType = file; path = Video.mp4; sourceTree = "<group>"; };
		B24CCAF01C338E44006A31D7 /* VideoThumbView.swift */ = {isa = PBXFileReference; fileEncoding = 4; lastKnownFileType = sourcecode.swift; path = VideoThumbView.swift; sourceTree = "<group>"; };
		B24CCAF11C338E44006A31D7 /* ViewController.swift */ = {isa = PBXFileReference; fileEncoding = 4; lastKnownFileType = sourcecode.swift; path = ViewController.swift; sourceTree = "<group>"; };
		C35BC03C1BBB203C00B486A9 /* VideoThumbViewKit.app */ = {isa = PBXFileReference; explicitFileType = wrapper.application; includeInIndex = 0; path = VideoThumbViewKit.app; sourceTree = BUILT_PRODUCTS_DIR; };
		C3D4ECEE1BBB5020008CBCAE /* Default-568h@2x.png */ = {isa = PBXFileReference; lastKnownFileType = image.png; path = "Default-568h@2x.png"; sourceTree = "<group>"; };
/* End PBXFileReference section */

/* Begin PBXFrameworksBuildPhase section */
		C35BC0391BBB203C00B486A9 /* Frameworks */ = {
			isa = PBXFrameworksBuildPhase;
			buildActionMask = 2147483647;
			files = (
			);
			runOnlyForDeploymentPostprocessing = 0;
		};
/* End PBXFrameworksBuildPhase section */

/* Begin PBXGroup section */
		B24CCAE91C338E44006A31D7 /* VideoThumbViewKit */ = {
			isa = PBXGroup;
			children = (
				B24CCAEA1C338E44006A31D7 /* AppDelegate.swift */,
				B24CCAEB1C338E44006A31D7 /* Assets.xcassets */,
				B24CCAEC1C338E44006A31D7 /* Info.plist */,
				B24CCAED1C338E44006A31D7 /* Resources */,
				B24CCAEF1C338E44006A31D7 /* VideoThumbView */,
				B24CCAF11C338E44006A31D7 /* ViewController.swift */,
			);
			path = VideoThumbViewKit;
			sourceTree = "<group>";
		};
		B24CCAED1C338E44006A31D7 /* Resources */ = {
			isa = PBXGroup;
			children = (
				B24CCAEE1C338E44006A31D7 /* Video.mp4 */,
			);
			path = Resources;
			sourceTree = "<group>";
		};
		B24CCAEF1C338E44006A31D7 /* VideoThumbView */ = {
			isa = PBXGroup;
			children = (
				B24CCAF01C338E44006A31D7 /* VideoThumbView.swift */,
			);
			path = VideoThumbView;
			sourceTree = "<group>";
		};
		C35BC0331BBB203C00B486A9 = {
			isa = PBXGroup;
			children = (
				C3D4ECEE1BBB5020008CBCAE /* Default-568h@2x.png */,
				B24CCAE91C338E44006A31D7 /* VideoThumbViewKit */,
				C35BC03D1BBB203C00B486A9 /* Products */,
			);
			sourceTree = "<group>";
		};
		C35BC03D1BBB203C00B486A9 /* Products */ = {
			isa = PBXGroup;
			children = (
				C35BC03C1BBB203C00B486A9 /* VideoThumbViewKit.app */,
			);
			name = Products;
			sourceTree = "<group>";
		};
/* End PBXGroup section */

/* Begin PBXNativeTarget section */
		C35BC03B1BBB203C00B486A9 /* VideoThumbViewKit */ = {
			isa = PBXNativeTarget;
			buildConfigurationList = C35BC04E1BBB203C00B486A9 /* Build configuration list for PBXNativeTarget "VideoThumbViewKit" */;
			buildPhases = (
				C35BC0381BBB203C00B486A9 /* Sources */,
				C35BC0391BBB203C00B486A9 /* Frameworks */,
				C35BC03A1BBB203C00B486A9 /* Resources */,
			);
			buildRules = (
			);
			dependencies = (
			);
			name = VideoThumbViewKit;
			productName = VideoThumbView;
			productReference = C35BC03C1BBB203C00B486A9 /* VideoThumbViewKit.app */;
			productType = "com.apple.product-type.application";
		};
/* End PBXNativeTarget section */

/* Begin PBXProject section */
		C35BC0341BBB203C00B486A9 /* Project object */ = {
			isa = PBXProject;
			attributes = {
				LastUpgradeCheck = 0710;
				ORGANIZATIONNAME = "Toygar Dundaralp";
				TargetAttributes = {
					C35BC03B1BBB203C00B486A9 = {
						CreatedOnToolsVersion = 7.1;
					};
				};
			};
			buildConfigurationList = C35BC0371BBB203C00B486A9 /* Build configuration list for PBXProject "VideoThumbViewKit" */;
			compatibilityVersion = "Xcode 3.2";
			developmentRegion = English;
			hasScannedForEncodings = 0;
			knownRegions = (
				en,
				Base,
			);
			mainGroup = C35BC0331BBB203C00B486A9;
			productRefGroup = C35BC03D1BBB203C00B486A9 /* Products */;
			projectDirPath = "";
			projectRoot = "";
			targets = (
				C35BC03B1BBB203C00B486A9 /* VideoThumbViewKit */,
			);
		};
/* End PBXProject section */

/* Begin PBXResourcesBuildPhase section */
		C35BC03A1BBB203C00B486A9 /* Resources */ = {
			isa = PBXResourcesBuildPhase;
			buildActionMask = 2147483647;
			files = (
				B24CCAF31C338E44006A31D7 /* Assets.xcassets in Resources */,
				C3D4ECEF1BBB5020008CBCAE /* Default-568h@2x.png in Resources */,
				B24CCAF51C338E44006A31D7 /* Video.mp4 in Resources */,
			);
			runOnlyForDeploymentPostprocessing = 0;
		};
/* End PBXResourcesBuildPhase section */

/* Begin PBXSourcesBuildPhase section */
		C35BC0381BBB203C00B486A9 /* Sources */ = {
			isa = PBXSourcesBuildPhase;
			buildActionMask = 2147483647;
			files = (
				B24CCAF71C338E44006A31D7 /* ViewController.swift in Sources */,
				B24CCAF21C338E44006A31D7 /* AppDelegate.swift in Sources */,
				B24CCAF61C338E44006A31D7 /* VideoThumbView.swift in Sources */,
			);
			runOnlyForDeploymentPostprocessing = 0;
		};
/* End PBXSourcesBuildPhase section */

/* Begin XCBuildConfiguration section */
		C35BC04C1BBB203C00B486A9 /* Debug */ = {
			isa = XCBuildConfiguration;
			buildSettings = {
				ALWAYS_SEARCH_USER_PATHS = NO;
				CLANG_CXX_LANGUAGE_STANDARD = "gnu++0x";
				CLANG_CXX_LIBRARY = "libc++";
				CLANG_ENABLE_MODULES = YES;
				CLANG_ENABLE_OBJC_ARC = YES;
				CLANG_WARN_BOOL_CONVERSION = YES;
				CLANG_WARN_CONSTANT_CONVERSION = YES;
				CLANG_WARN_DIRECT_OBJC_ISA_USAGE = YES_ERROR;
				CLANG_WARN_EMPTY_BODY = YES;
				CLANG_WARN_ENUM_CONVERSION = YES;
				CLANG_WARN_INT_CONVERSION = YES;
				CLANG_WARN_OBJC_ROOT_CLASS = YES_ERROR;
				CLANG_WARN_UNREACHABLE_CODE = YES;
				CLANG_WARN__DUPLICATE_METHOD_MATCH = YES;
				"CODE_SIGN_IDENTITY[sdk=iphoneos*]" = "iPhone Developer";
				COPY_PHASE_STRIP = NO;
				DEBUG_INFORMATION_FORMAT = dwarf;
				ENABLE_STRICT_OBJC_MSGSEND = YES;
				ENABLE_TESTABILITY = YES;
				GCC_C_LANGUAGE_STANDARD = gnu99;
				GCC_DYNAMIC_NO_PIC = NO;
				GCC_NO_COMMON_BLOCKS = YES;
				GCC_OPTIMIZATION_LEVEL = 0;
				GCC_PREPROCESSOR_DEFINITIONS = (
					"DEBUG=1",
					"$(inherited)",
				);
				GCC_WARN_64_TO_32_BIT_CONVERSION = YES;
				GCC_WARN_ABOUT_RETURN_TYPE = YES_ERROR;
				GCC_WARN_UNDECLARED_SELECTOR = YES;
				GCC_WARN_UNINITIALIZED_AUTOS = YES_AGGRESSIVE;
				GCC_WARN_UNUSED_FUNCTION = YES;
				GCC_WARN_UNUSED_VARIABLE = YES;
				IPHONEOS_DEPLOYMENT_TARGET = 8.0;
				MTL_ENABLE_DEBUG_INFO = YES;
				ONLY_ACTIVE_ARCH = YES;
				SDKROOT = iphoneos;
				SWIFT_OPTIMIZATION_LEVEL = "-Onone";
				TARGETED_DEVICE_FAMILY = "1,2";
			};
			name = Debug;
		};
		C35BC04D1BBB203C00B486A9 /* Release */ = {
			isa = XCBuildConfiguration;
			buildSettings = {
				ALWAYS_SEARCH_USER_PATHS = NO;
				CLANG_CXX_LANGUAGE_STANDARD = "gnu++0x";
				CLANG_CXX_LIBRARY = "libc++";
				CLANG_ENABLE_MODULES = YES;
				CLANG_ENABLE_OBJC_ARC = YES;
				CLANG_WARN_BOOL_CONVERSION = YES;
				CLANG_WARN_CONSTANT_CONVERSION = YES;
				CLANG_WARN_DIRECT_OBJC_ISA_USAGE = YES_ERROR;
				CLANG_WARN_EMPTY_BODY = YES;
				CLANG_WARN_ENUM_CONVERSION = YES;
				CLANG_WARN_INT_CONVERSION = YES;
				CLANG_WARN_OBJC_ROOT_CLASS = YES_ERROR;
				CLANG_WARN_UNREACHABLE_CODE = YES;
				CLANG_WARN__DUPLICATE_METHOD_MATCH = YES;
				"CODE_SIGN_IDENTITY[sdk=iphoneos*]" = "iPhone Developer";
				COPY_PHASE_STRIP = NO;
				DEBUG_INFORMATION_FORMAT = "dwarf-with-dsym";
				ENABLE_NS_ASSERTIONS = NO;
				ENABLE_STRICT_OBJC_MSGSEND = YES;
				GCC_C_LANGUAGE_STANDARD = gnu99;
				GCC_NO_COMMON_BLOCKS = YES;
				GCC_WARN_64_TO_32_BIT_CONVERSION = YES;
				GCC_WARN_ABOUT_RETURN_TYPE = YES_ERROR;
				GCC_WARN_UNDECLARED_SELECTOR = YES;
				GCC_WARN_UNINITIALIZED_AUTOS = YES_AGGRESSIVE;
				GCC_WARN_UNUSED_FUNCTION = YES;
				GCC_WARN_UNUSED_VARIABLE = YES;
				IPHONEOS_DEPLOYMENT_TARGET = 8.0;
				MTL_ENABLE_DEBUG_INFO = NO;
				SDKROOT = iphoneos;
				TARGETED_DEVICE_FAMILY = "1,2";
				VALIDATE_PRODUCT = YES;
			};
			name = Release;
		};
		C35BC04F1BBB203C00B486A9 /* Debug */ = {
			isa = XCBuildConfiguration;
			buildSettings = {
				ASSETCATALOG_COMPILER_APPICON_NAME = "AppIcon-2";
				ASSETCATALOG_COMPILER_LAUNCHIMAGE_NAME = "Brand Assets";
				INFOPLIST_FILE = "$(SRCROOT)/VideoThumbViewKit/Info.plist";
				IPHONEOS_DEPLOYMENT_TARGET = 8.0;
				LD_RUNPATH_SEARCH_PATHS = "$(inherited) @executable_path/Frameworks";
				PRODUCT_BUNDLE_IDENTIFIER = com.dundaralp.VideoThumbViewKit;
				PRODUCT_NAME = VideoThumbViewKit;
			};
			name = Debug;
		};
		C35BC0501BBB203C00B486A9 /* Release */ = {
			isa = XCBuildConfiguration;
			buildSettings = {
				ASSETCATALOG_COMPILER_APPICON_NAME = "AppIcon-2";
				ASSETCATALOG_COMPILER_LAUNCHIMAGE_NAME = "Brand Assets";
				INFOPLIST_FILE = "$(SRCROOT)/VideoThumbViewKit/Info.plist";
				IPHONEOS_DEPLOYMENT_TARGET = 8.0;
				LD_RUNPATH_SEARCH_PATHS = "$(inherited) @executable_path/Frameworks";
				PRODUCT_BUNDLE_IDENTIFIER = com.dundaralp.VideoThumbViewKit;
				PRODUCT_NAME = VideoThumbViewKit;
			};
			name = Release;
		};
/* End XCBuildConfiguration section */

/* Begin XCConfigurationList section */
		C35BC0371BBB203C00B486A9 /* Build configuration list for PBXProject "VideoThumbViewKit" */ = {
			isa = XCConfigurationList;
			buildConfigurations = (
				C35BC04C1BBB203C00B486A9 /* Debug */,
				C35BC04D1BBB203C00B486A9 /* Release */,
			);
			defaultConfigurationIsVisible = 0;
			defaultConfigurationName = Release;
		};
		C35BC04E1BBB203C00B486A9 /* Build configuration list for PBXNativeTarget "VideoThumbViewKit" */ = {
			isa = XCConfigurationList;
			buildConfigurations = (
				C35BC04F1BBB203C00B486A9 /* Debug */,
				C35BC0501BBB203C00B486A9 /* Release */,
			);
			defaultConfigurationIsVisible = 0;
			defaultConfigurationName = Release;
		};
/* End XCConfigurationList section */
	};
	rootObject = C35BC0341BBB203C00B486A9 /* Project object */;
}
